
Microsoft Visual Studio Solution File, Format Version 12.00
# Visual Studio Version 17
VisualStudioVersion = 17.7.34009.444
MinimumVisualStudioVersion = 10.0.40219.1
Project("{FAE04EC0-301F-11D3-BF4B-00C04F79EFBC}") = "ShinyHuntCounterDesktop", "ShinyHuntCounterDesktop\ShinyHuntCounterDesktop.csproj", "{413CBA55-DECA-4B4B-9925-32F1F677CF33}"
EndProject
Global
	GlobalSection(SolutionConfigurationPlatforms) = preSolution
		Debug|Any CPU = Debug|Any CPU
		Release|Any CPU = Release|Any CPU
	EndGlobalSection
	GlobalSection(ProjectConfigurationPlatforms) = postSolution
		{413CBA55-DECA-4B4B-9925-32F1F677CF33}.Debug|Any CPU.ActiveCfg = Debug|Any CPU
		{413CBA55-DECA-4B4B-9925-32F1F677CF33}.Debug|Any CPU.Build.0 = Debug|Any CPU
		{413CBA55-DECA-4B4B-9925-32F1F677CF33}.Release|Any CPU.ActiveCfg = Release|Any CPU
		{413CBA55-DECA-4B4B-9925-32F1F677CF33}.Release|Any CPU.Build.0 = Release|Any CPU
	EndGlobalSection
	GlobalSection(SolutionProperties) = preSolution
		HideSolutionNode = FALSE
	EndGlobalSection
	GlobalSection(ExtensibilityGlobals) = postSolution
		SolutionGuid = {9B5106EB-064D-4030-8746-A5A7D0DF033E}
	EndGlobalSection
EndGlobal
